
Microsoft Visual Studio Solution File, Format Version 12.00
# Visual Studio Version 16
VisualStudioVersion = 16.0.31105.61
MinimumVisualStudioVersion = 10.0.40219.1
Project("{9A19103F-16F7-4668-BE54-9A1E7A4F7556}") = "StartApp", "StartApp\StartApp.csproj", "{C7DD8794-C134-431C-BDCE-BD6949F56D64}"
EndProject
Project("{9A19103F-16F7-4668-BE54-9A1E7A4F7556}") = "CalcInterface", "CalcInterface\CalcInterface.csproj", "{BBE6A40F-825F-4678-90EF-9D1D4D877025}"
EndProject
Project("{9A19103F-16F7-4668-BE54-9A1E7A4F7556}") = "SimpleCalc", "SimpleCalc\SimpleCalc.csproj", "{BB07D147-4EEE-4FF9-8F55-B9F9120E0B11}"
EndProject
Project("{9A19103F-16F7-4668-BE54-9A1E7A4F7556}") = "CalcMem", "CalcMem\CalcMem.csproj", "{84BA0104-2844-42C2-A8DB-AD9B965A857A}"
EndProject
Project("{9A19103F-16F7-4668-BE54-9A1E7A4F7556}") = "CalcAngle", "CalcAngle\CalcAngle.csproj", "{1504B250-36C0-4B9E-A9EC-4840582ABCE7}"
EndProject
Project("{FAE04EC0-301F-11D3-BF4B-00C04F79EFBC}") = "CalcRound", "CalcRound\CalcRound.csproj", "{110732F4-361A-493E-B9B7-11716927262C}"
EndProject
Global
	GlobalSection(SolutionConfigurationPlatforms) = preSolution
		Debug|Any CPU = Debug|Any CPU
		Release|Any CPU = Release|Any CPU
	EndGlobalSection
	GlobalSection(ProjectConfigurationPlatforms) = postSolution
		{C7DD8794-C134-431C-BDCE-BD6949F56D64}.Debug|Any CPU.ActiveCfg = Debug|Any CPU
		{C7DD8794-C134-431C-BDCE-BD6949F56D64}.Debug|Any CPU.Build.0 = Debug|Any CPU
		{C7DD8794-C134-431C-BDCE-BD6949F56D64}.Release|Any CPU.ActiveCfg = Release|Any CPU
		{C7DD8794-C134-431C-BDCE-BD6949F56D64}.Release|Any CPU.Build.0 = Release|Any CPU
		{BBE6A40F-825F-4678-90EF-9D1D4D877025}.Debug|Any CPU.ActiveCfg = Debug|Any CPU
		{BBE6A40F-825F-4678-90EF-9D1D4D877025}.Debug|Any CPU.Build.0 = Debug|Any CPU
		{BBE6A40F-825F-4678-90EF-9D1D4D877025}.Release|Any CPU.ActiveCfg = Release|Any CPU
		{BBE6A40F-825F-4678-90EF-9D1D4D877025}.Release|Any CPU.Build.0 = Release|Any CPU
		{BB07D147-4EEE-4FF9-8F55-B9F9120E0B11}.Debug|Any CPU.ActiveCfg = Debug|Any CPU
		{BB07D147-4EEE-4FF9-8F55-B9F9120E0B11}.Debug|Any CPU.Build.0 = Debug|Any CPU
		{BB07D147-4EEE-4FF9-8F55-B9F9120E0B11}.Release|Any CPU.ActiveCfg = Release|Any CPU
		{BB07D147-4EEE-4FF9-8F55-B9F9120E0B11}.Release|Any CPU.Build.0 = Release|Any CPU
		{84BA0104-2844-42C2-A8DB-AD9B965A857A}.Debug|Any CPU.ActiveCfg = Debug|Any CPU
		{84BA0104-2844-42C2-A8DB-AD9B965A857A}.Debug|Any CPU.Build.0 = Debug|Any CPU
		{84BA0104-2844-42C2-A8DB-AD9B965A857A}.Release|Any CPU.ActiveCfg = Release|Any CPU
		{84BA0104-2844-42C2-A8DB-AD9B965A857A}.Release|Any CPU.Build.0 = Release|Any CPU
		{1504B250-36C0-4B9E-A9EC-4840582ABCE7}.Debug|Any CPU.ActiveCfg = Debug|Any CPU
		{1504B250-36C0-4B9E-A9EC-4840582ABCE7}.Debug|Any CPU.Build.0 = Debug|Any CPU
		{1504B250-36C0-4B9E-A9EC-4840582ABCE7}.Release|Any CPU.ActiveCfg = Release|Any CPU
		{1504B250-36C0-4B9E-A9EC-4840582ABCE7}.Release|Any CPU.Build.0 = Release|Any CPU
		{110732F4-361A-493E-B9B7-11716927262C}.Debug|Any CPU.ActiveCfg = Debug|Any CPU
		{110732F4-361A-493E-B9B7-11716927262C}.Debug|Any CPU.Build.0 = Debug|Any CPU
		{110732F4-361A-493E-B9B7-11716927262C}.Release|Any CPU.ActiveCfg = Release|Any CPU
		{110732F4-361A-493E-B9B7-11716927262C}.Release|Any CPU.Build.0 = Release|Any CPU
	EndGlobalSection
	GlobalSection(SolutionProperties) = preSolution
		HideSolutionNode = FALSE
	EndGlobalSection
	GlobalSection(ExtensibilityGlobals) = postSolution
		SolutionGuid = {BFA016EA-A16B-4911-A304-FE9A1010DA11}
	EndGlobalSection
EndGlobal
